dependencies:
- name: postgresql
  repository: https://charts.bitnami.com/bitnami
  version: 16.7.4
- name: redis
  repository: https://charts.bitnami.com/bitnami
  version: 21.1.7
- name: tika
  repository: https://apache.jfrog.io/artifactory/tika
  version: 3.2.2
digest: sha256:08333565105eacdec82d1f86226b433554e171e25dab81420cc005075cb37b02
generated: "2025-08-26T13:13:48.962055+02:00"
